
Microsoft Visual Studio Solution File, Format Version 12.00
# Visual Studio Version 17
VisualStudioVersion = 17.3.32901.215
MinimumVisualStudioVersion = 10.0.40219.1
Project("{FAE04EC0-301F-11D3-BF4B-00C04F79EFBC}") = "LoginPage", "LoginPage\LoginPage.csproj", "{DEE706BD-3E2C-4D3C-9291-F38E6FC1F676}"
EndProject
Global
	GlobalSection(SolutionConfigurationPlatforms) = preSolution
		Debug|Any CPU = Debug|Any CPU
		Release|Any CPU = Release|Any CPU
	EndGlobalSection
	GlobalSection(ProjectConfigurationPlatforms) = postSolution
		{DEE706BD-3E2C-4D3C-9291-F38E6FC1F676}.Debug|Any CPU.ActiveCfg = Debug|Any CPU
		{DEE706BD-3E2C-4D3C-9291-F38E6FC1F676}.Debug|Any CPU.Build.0 = Debug|Any CPU
		{DEE706BD-3E2C-4D3C-9291-F38E6FC1F676}.Release|Any CPU.ActiveCfg = Release|Any CPU
		{DEE706BD-3E2C-4D3C-9291-F38E6FC1F676}.Release|Any CPU.Build.0 = Release|Any CPU
	EndGlobalSection
	GlobalSection(SolutionProperties) = preSolution
		HideSolutionNode = FALSE
	EndGlobalSection
	GlobalSection(ExtensibilityGlobals) = postSolution
		SolutionGuid = {0556760F-8DBA-49B1-8C12-C7860BF9F4B8}
	EndGlobalSection
EndGlobal
